# THIS IS AN AUTOGENERATED FILE. DO NOT EDIT THIS FILE DIRECTLY.
# yarn lockfile v1


"@types/phoenix@*", "@types/phoenix@^1.6.4":
  version "1.6.4"
  resolved "https://registry.yarnpkg.com/@types/phoenix/-/phoenix-1.6.4.tgz#cceac93a827555473ad38057d1df7d06eef1ed71"
  integrity sha512-B34A7uot1Cv0XtaHRYDATltAdKx0BvVKNgYNqE4WjtPUa4VQJM7kxeXcVKaH+KS+kCmZ+6w+QaUdcljiheiBJA==

"@types/phoenix_live_view@^0.18.4":
  version "0.18.4"
  resolved "https://registry.yarnpkg.com/@types/phoenix_live_view/-/phoenix_live_view-0.18.4.tgz#b002cf89e499041c420ac38122445314161f2219"
  integrity sha512-9mq6zRZfCtY8f4Kiu9ca0YodlNoL5kPfz6AO8AMIylftoT59re5+l5BxPISt/NJXyj1S/gRJmwpHgyVsyEk8cg==
  dependencies:
    "@types/phoenix" "*"

phoenix@^1.7.11:
  version "1.7.11"
  resolved "https://registry.yarnpkg.com/phoenix/-/phoenix-1.7.11.tgz#5595ea1bc725126bdd7db6cfb179f67bff67263f"
  integrity sha512-aeikMR/Qh6gAygY45d5p/B7srqH60h0GbCIauEAStAtRUq4hvlkzDTyDj1NJidJEV9IKFhZe7f9L+zosUJdF/g==

phoenix_live_view@^0.20.14:
  version "0.20.14"
  resolved "https://registry.yarnpkg.com/phoenix_live_view/-/phoenix_live_view-0.20.14.tgz#25404d091852f23f26d029b25a07d6ba14409783"
  integrity sha512-pk7xX1CjUaoHRE47S0Rq+OdrGrXRHrZZQEaNbRNCAbKjSEAJ9o+sYQ+6nZipTJaIbC0lEGMDWxZzyuQ/6yeHsQ==
